
Microsoft Visual Studio Solution File, Format Version 12.00
# Visual Studio Version 17
VisualStudioVersion = 17.2.32516.85
MinimumVisualStudioVersion = 10.0.40219.1
Project("{9A19103F-16F7-4668-BE54-9A1E7A4F7556}") = "EntityKatmani", "EntityKatmani\EntityKatmani.csproj", "{6B283F67-C21F-4D0C-83BD-0F77E5A80191}"
EndProject
Project("{9A19103F-16F7-4668-BE54-9A1E7A4F7556}") = "Response", "Response\Response.csproj", "{884330E8-0D88-4219-84BC-BBC9F946A258}"
EndProject
Project("{9A19103F-16F7-4668-BE54-9A1E7A4F7556}") = "VeriErisimKatmani", "VeriErisimKatmani\VeriErisimKatmani.csproj", "{29683F8A-C18C-4CFF-8ED2-AF5B4D3AFD4B}"
EndProject
Project("{9A19103F-16F7-4668-BE54-9A1E7A4F7556}") = "BussinesKatmani", "BussinesKatmani\BussinesKatmani.csproj", "{9A3ED9CB-FD1D-417C-9322-37AF71CAB70A}"
EndProject
Project("{9A19103F-16F7-4668-BE54-9A1E7A4F7556}") = "KonusarakOgrenWeb", "KonusarakOgrenWeb\KonusarakOgrenWeb.csproj", "{7CEACE25-80F3-4539-9274-19A7AB6D6103}"
EndProject
Project("{FAE04EC0-301F-11D3-BF4B-00C04F79EFBC}") = "Library", "Library\Library.csproj", "{6B6ABDB7-8520-4F51-A51B-363A65DB3F13}"
EndProject
Global
	GlobalSection(SolutionConfigurationPlatforms) = preSolution
		Debug|Any CPU = Debug|Any CPU
		Release|Any CPU = Release|Any CPU
	EndGlobalSection
	GlobalSection(ProjectConfigurationPlatforms) = postSolution
		{6B283F67-C21F-4D0C-83BD-0F77E5A80191}.Debug|Any CPU.ActiveCfg = Debug|Any CPU
		{6B283F67-C21F-4D0C-83BD-0F77E5A80191}.Debug|Any CPU.Build.0 = Debug|Any CPU
		{6B283F67-C21F-4D0C-83BD-0F77E5A80191}.Release|Any CPU.ActiveCfg = Release|Any CPU
		{6B283F67-C21F-4D0C-83BD-0F77E5A80191}.Release|Any CPU.Build.0 = Release|Any CPU
		{884330E8-0D88-4219-84BC-BBC9F946A258}.Debug|Any CPU.ActiveCfg = Debug|Any CPU
		{884330E8-0D88-4219-84BC-BBC9F946A258}.Debug|Any CPU.Build.0 = Debug|Any CPU
		{884330E8-0D88-4219-84BC-BBC9F946A258}.Release|Any CPU.ActiveCfg = Release|Any CPU
		{884330E8-0D88-4219-84BC-BBC9F946A258}.Release|Any CPU.Build.0 = Release|Any CPU
		{29683F8A-C18C-4CFF-8ED2-AF5B4D3AFD4B}.Debug|Any CPU.ActiveCfg = Debug|Any CPU
		{29683F8A-C18C-4CFF-8ED2-AF5B4D3AFD4B}.Debug|Any CPU.Build.0 = Debug|Any CPU
		{29683F8A-C18C-4CFF-8ED2-AF5B4D3AFD4B}.Release|Any CPU.ActiveCfg = Release|Any CPU
		{29683F8A-C18C-4CFF-8ED2-AF5B4D3AFD4B}.Release|Any CPU.Build.0 = Release|Any CPU
		{9A3ED9CB-FD1D-417C-9322-37AF71CAB70A}.Debug|Any CPU.ActiveCfg = Debug|Any CPU
		{9A3ED9CB-FD1D-417C-9322-37AF71CAB70A}.Debug|Any CPU.Build.0 = Debug|Any CPU
		{9A3ED9CB-FD1D-417C-9322-37AF71CAB70A}.Release|Any CPU.ActiveCfg = Release|Any CPU
		{9A3ED9CB-FD1D-417C-9322-37AF71CAB70A}.Release|Any CPU.Build.0 = Release|Any CPU
		{7CEACE25-80F3-4539-9274-19A7AB6D6103}.Debug|Any CPU.ActiveCfg = Debug|Any CPU
		{7CEACE25-80F3-4539-9274-19A7AB6D6103}.Debug|Any CPU.Build.0 = Debug|Any CPU
		{7CEACE25-80F3-4539-9274-19A7AB6D6103}.Release|Any CPU.ActiveCfg = Release|Any CPU
		{7CEACE25-80F3-4539-9274-19A7AB6D6103}.Release|Any CPU.Build.0 = Release|Any CPU
		{6B6ABDB7-8520-4F51-A51B-363A65DB3F13}.Debug|Any CPU.ActiveCfg = Debug|Any CPU
		{6B6ABDB7-8520-4F51-A51B-363A65DB3F13}.Debug|Any CPU.Build.0 = Debug|Any CPU
		{6B6ABDB7-8520-4F51-A51B-363A65DB3F13}.Release|Any CPU.ActiveCfg = Release|Any CPU
		{6B6ABDB7-8520-4F51-A51B-363A65DB3F13}.Release|Any CPU.Build.0 = Release|Any CPU
	EndGlobalSection
	GlobalSection(SolutionProperties) = preSolution
		HideSolutionNode = FALSE
	EndGlobalSection
	GlobalSection(ExtensibilityGlobals) = postSolution
		SolutionGuid = {0CBE346C-3C4D-4E9F-855E-93498C87997E}
	EndGlobalSection
EndGlobal
